
Microsoft Visual Studio Solution File, Format Version 12.00
# Visual Studio Version 17
VisualStudioVersion = 17.0.31903.59
MinimumVisualStudioVersion = 10.0.40219.1
Project("{2150E333-8FDC-42A3-9474-1A3956D46DE8}") = "src", "src", "{FEA96CFA-1232-4B01-BE6A-7F3FD2484CC0}"
EndProject
Project("{FAE04EC0-301F-11D3-BF4B-00C04F79EFBC}") = "AuctionService", "src\AuctionService\AuctionService.csproj", "{E499E23E-378F-42F2-B710-851BABFDC6D5}"
EndProject
Project("{FAE04EC0-301F-11D3-BF4B-00C04F79EFBC}") = "SearchService", "src\SearchService\SearchService.csproj", "{66FEF7D9-5890-4DC3-9972-74E57A49F19E}"
EndProject
Project("{FAE04EC0-301F-11D3-BF4B-00C04F79EFBC}") = "Contracts", "src\Contracts\Contracts.csproj", "{3A87C65E-4A20-462B-A524-4F21F368E644}"
EndProject
Global
	GlobalSection(SolutionConfigurationPlatforms) = preSolution
		Debug|Any CPU = Debug|Any CPU
		Release|Any CPU = Release|Any CPU
	EndGlobalSection
	GlobalSection(ProjectConfigurationPlatforms) = postSolution
		{E499E23E-378F-42F2-B710-851BABFDC6D5}.Debug|Any CPU.ActiveCfg = Debug|Any CPU
		{E499E23E-378F-42F2-B710-851BABFDC6D5}.Debug|Any CPU.Build.0 = Debug|Any CPU
		{E499E23E-378F-42F2-B710-851BABFDC6D5}.Release|Any CPU.ActiveCfg = Release|Any CPU
		{E499E23E-378F-42F2-B710-851BABFDC6D5}.Release|Any CPU.Build.0 = Release|Any CPU
		{66FEF7D9-5890-4DC3-9972-74E57A49F19E}.Debug|Any CPU.ActiveCfg = Debug|Any CPU
		{66FEF7D9-5890-4DC3-9972-74E57A49F19E}.Debug|Any CPU.Build.0 = Debug|Any CPU
		{66FEF7D9-5890-4DC3-9972-74E57A49F19E}.Release|Any CPU.ActiveCfg = Release|Any CPU
		{66FEF7D9-5890-4DC3-9972-74E57A49F19E}.Release|Any CPU.Build.0 = Release|Any CPU
		{3A87C65E-4A20-462B-A524-4F21F368E644}.Debug|Any CPU.ActiveCfg = Debug|Any CPU
		{3A87C65E-4A20-462B-A524-4F21F368E644}.Debug|Any CPU.Build.0 = Debug|Any CPU
		{3A87C65E-4A20-462B-A524-4F21F368E644}.Release|Any CPU.ActiveCfg = Release|Any CPU
		{3A87C65E-4A20-462B-A524-4F21F368E644}.Release|Any CPU.Build.0 = Release|Any CPU
	EndGlobalSection
	GlobalSection(SolutionProperties) = preSolution
		HideSolutionNode = FALSE
	EndGlobalSection
	GlobalSection(NestedProjects) = preSolution
		{E499E23E-378F-42F2-B710-851BABFDC6D5} = {FEA96CFA-1232-4B01-BE6A-7F3FD2484CC0}
		{66FEF7D9-5890-4DC3-9972-74E57A49F19E} = {FEA96CFA-1232-4B01-BE6A-7F3FD2484CC0}
		{3A87C65E-4A20-462B-A524-4F21F368E644} = {FEA96CFA-1232-4B01-BE6A-7F3FD2484CC0}
	EndGlobalSection
EndGlobal
